# @generated by Move, please check-in and do not edit manually.

[move]
version = 3
manifest_digest = "BC01A2257DBCAFFE2B739F1232DF7F4E85897E490F8A638EB821721F8E9F95DE"
deps_digest = "F8BBB0CCB2491CA29A3DF03D6F92277A4F3574266507ACD77214D37ECA3F3082"
dependencies = [
  { id = "Sui", name = "Sui" },
]

[[move.package]]
id = "MoveStdlib"
source = { git = "https://github.com/MystenLabs/sui.git", rev = "testnet-v1.40.1", subdir = "crates/sui-framework/packages/move-stdlib" }

[[move.package]]
id = "Sui"
source = { git = "https://github.com/MystenLabs/sui.git", rev = "testnet-v1.40.1", subdir = "crates/sui-framework/packages/sui-framework" }

dependencies = [
  { id = "MoveStdlib", name = "MoveStdlib" },
]

[move.toolchain-version]
compiler-version = "1.40.1"
edition = "2024.beta"
flavor = "sui"

[env]

[env.local]
chain-id = "68c5a47f"
original-published-id = "0xd0ed2ba9d6a97ee2f186433d5f4e8156078765a83533994a0c92dde7599a7e64"
latest-published-id = "0xd0ed2ba9d6a97ee2f186433d5f4e8156078765a83533994a0c92dde7599a7e64"
published-version = "1"
